
Microsoft Visual Studio Solution File, Format Version 12.00
Project("{FAE04EC0-301F-11D3-BF4B-00C04F79EFBC}") = "Producer", "Producer\Producer.csproj", "{678372E7-62B7-4771-9E0E-30503A4FE91C}"
EndProject
Project("{FAE04EC0-301F-11D3-BF4B-00C04F79EFBC}") = "Consumer", "Consumer\Consumer.csproj", "{AF202B43-8658-43F7-AE89-837755BA7590}"
EndProject
Global
	GlobalSection(SolutionConfigurationPlatforms) = preSolution
		Debug|Any CPU = Debug|Any CPU
		Release|Any CPU = Release|Any CPU
	EndGlobalSection
	GlobalSection(ProjectConfigurationPlatforms) = postSolution
		{678372E7-62B7-4771-9E0E-30503A4FE91C}.Debug|Any CPU.ActiveCfg = Debug|Any CPU
		{678372E7-62B7-4771-9E0E-30503A4FE91C}.Debug|Any CPU.Build.0 = Debug|Any CPU
		{678372E7-62B7-4771-9E0E-30503A4FE91C}.Release|Any CPU.ActiveCfg = Release|Any CPU
		{678372E7-62B7-4771-9E0E-30503A4FE91C}.Release|Any CPU.Build.0 = Release|Any CPU
		{AF202B43-8658-43F7-AE89-837755BA7590}.Debug|Any CPU.ActiveCfg = Debug|Any CPU
		{AF202B43-8658-43F7-AE89-837755BA7590}.Debug|Any CPU.Build.0 = Debug|Any CPU
		{AF202B43-8658-43F7-AE89-837755BA7590}.Release|Any CPU.ActiveCfg = Release|Any CPU
		{AF202B43-8658-43F7-AE89-837755BA7590}.Release|Any CPU.Build.0 = Release|Any CPU
	EndGlobalSection
EndGlobal
