
Microsoft Visual Studio Solution File, Format Version 12.00
Project("{2150E333-8FDC-42A3-9474-1A3956D46DE8}") = "Domain", "Domain", "{9FD40287-AF62-431F-952D-15A45BF59D2D}"
EndProject
Project("{2150E333-8FDC-42A3-9474-1A3956D46DE8}") = "Infra.Bus", "Infra.Bus", "{C798EF91-2A11-4CD7-BCCC-DE9C24F4E671}"
EndProject
Project("{2150E333-8FDC-42A3-9474-1A3956D46DE8}") = "Infra.IoC", "Infra.IoC", "{27D4C78A-68F4-4CC4-B5D3-DEC20F6A2240}"
EndProject
Project("{2150E333-8FDC-42A3-9474-1A3956D46DE8}") = "Microservices", "Microservices", "{ADD3F393-726D-4B9D-A60C-35DC2B99B231}"
EndProject
Project("{FAE04EC0-301F-11D3-BF4B-00C04F79EFBC}") = "MicroRabbit.Domain.Core", "MicroRabbit.Domain.Core\MicroRabbit.Domain.Core.csproj", "{9394EE8F-BB16-494A-B94C-5755D6197184}"
EndProject
Project("{FAE04EC0-301F-11D3-BF4B-00C04F79EFBC}") = "MicroRabbit.Infra.Bus", "MicroRabbit.Infra.Bus\MicroRabbit.Infra.Bus.csproj", "{31271E8B-B3D4-435C-9A14-78C78EDB7D91}"
EndProject
Project("{FAE04EC0-301F-11D3-BF4B-00C04F79EFBC}") = "MicroRabbit.Infra.IoC", "MicroRabbit.Infra.IoC\MicroRabbit.Infra.IoC.csproj", "{273134B4-C0FA-4DBD-9034-4CC200C1919A}"
EndProject
Project("{2150E333-8FDC-42A3-9474-1A3956D46DE8}") = "Banking", "Banking", "{C09070A3-4345-4E70-998A-91052535DAFA}"
EndProject
Project("{2150E333-8FDC-42A3-9474-1A3956D46DE8}") = "Api", "Api", "{572E7981-7780-49D9-A2AA-DC62BCA9433E}"
EndProject
Project("{2150E333-8FDC-42A3-9474-1A3956D46DE8}") = "Application", "Application", "{EFA11F23-BC45-4F2C-977D-4E395F008EB9}"
EndProject
Project("{2150E333-8FDC-42A3-9474-1A3956D46DE8}") = "Domain", "Domain", "{66746AF2-2F21-43F6-90E1-BEB756981410}"
EndProject
Project("{2150E333-8FDC-42A3-9474-1A3956D46DE8}") = "Data", "Data", "{073D2FA5-BC97-4A42-B10B-409C2DBEB9D4}"
EndProject
Project("{FAE04EC0-301F-11D3-BF4B-00C04F79EFBC}") = "MicroRabbit.Banking.Api", "MicroRabbit.Banking.Api\MicroRabbit.Banking.Api.csproj", "{7EE33676-FE29-4771-933A-2DB00B94CD5C}"
EndProject
Project("{FAE04EC0-301F-11D3-BF4B-00C04F79EFBC}") = "Microrabbit.Banking.Application", "Microrabbit.Banking.Application\Microrabbit.Banking.Application.csproj", "{4857607C-D2EB-4C0B-AA9F-F266ADE2D3CF}"
EndProject
Project("{FAE04EC0-301F-11D3-BF4B-00C04F79EFBC}") = "MicroRabbit.Banking.Data", "MicroRabbit.Banking.Data\MicroRabbit.Banking.Data.csproj", "{4F587EAC-01A4-4DB5-BCE9-1216F028C881}"
EndProject
Project("{FAE04EC0-301F-11D3-BF4B-00C04F79EFBC}") = "MicroRabbit.Banking.Domain", "MicroRabbit.Banking.Domain\MicroRabbit.Banking.Domain.csproj", "{76187E9D-EDB4-4147-9E83-00BC5068EC16}"
EndProject
Global
	GlobalSection(SolutionConfigurationPlatforms) = preSolution
		Debug|Any CPU = Debug|Any CPU
		Release|Any CPU = Release|Any CPU
	EndGlobalSection
	GlobalSection(NestedProjects) = preSolution
		{9394EE8F-BB16-494A-B94C-5755D6197184} = {9FD40287-AF62-431F-952D-15A45BF59D2D}
		{31271E8B-B3D4-435C-9A14-78C78EDB7D91} = {C798EF91-2A11-4CD7-BCCC-DE9C24F4E671}
		{273134B4-C0FA-4DBD-9034-4CC200C1919A} = {27D4C78A-68F4-4CC4-B5D3-DEC20F6A2240}
		{C09070A3-4345-4E70-998A-91052535DAFA} = {ADD3F393-726D-4B9D-A60C-35DC2B99B231}
		{572E7981-7780-49D9-A2AA-DC62BCA9433E} = {C09070A3-4345-4E70-998A-91052535DAFA}
		{EFA11F23-BC45-4F2C-977D-4E395F008EB9} = {C09070A3-4345-4E70-998A-91052535DAFA}
		{66746AF2-2F21-43F6-90E1-BEB756981410} = {C09070A3-4345-4E70-998A-91052535DAFA}
		{073D2FA5-BC97-4A42-B10B-409C2DBEB9D4} = {C09070A3-4345-4E70-998A-91052535DAFA}
		{7EE33676-FE29-4771-933A-2DB00B94CD5C} = {572E7981-7780-49D9-A2AA-DC62BCA9433E}
		{4857607C-D2EB-4C0B-AA9F-F266ADE2D3CF} = {EFA11F23-BC45-4F2C-977D-4E395F008EB9}
		{4F587EAC-01A4-4DB5-BCE9-1216F028C881} = {073D2FA5-BC97-4A42-B10B-409C2DBEB9D4}
		{76187E9D-EDB4-4147-9E83-00BC5068EC16} = {66746AF2-2F21-43F6-90E1-BEB756981410}
	EndGlobalSection
	GlobalSection(ProjectConfigurationPlatforms) = postSolution
		{9394EE8F-BB16-494A-B94C-5755D6197184}.Debug|Any CPU.ActiveCfg = Debug|Any CPU
		{9394EE8F-BB16-494A-B94C-5755D6197184}.Debug|Any CPU.Build.0 = Debug|Any CPU
		{9394EE8F-BB16-494A-B94C-5755D6197184}.Release|Any CPU.ActiveCfg = Release|Any CPU
		{9394EE8F-BB16-494A-B94C-5755D6197184}.Release|Any CPU.Build.0 = Release|Any CPU
		{31271E8B-B3D4-435C-9A14-78C78EDB7D91}.Debug|Any CPU.ActiveCfg = Debug|Any CPU
		{31271E8B-B3D4-435C-9A14-78C78EDB7D91}.Debug|Any CPU.Build.0 = Debug|Any CPU
		{31271E8B-B3D4-435C-9A14-78C78EDB7D91}.Release|Any CPU.ActiveCfg = Release|Any CPU
		{31271E8B-B3D4-435C-9A14-78C78EDB7D91}.Release|Any CPU.Build.0 = Release|Any CPU
		{273134B4-C0FA-4DBD-9034-4CC200C1919A}.Debug|Any CPU.ActiveCfg = Debug|Any CPU
		{273134B4-C0FA-4DBD-9034-4CC200C1919A}.Debug|Any CPU.Build.0 = Debug|Any CPU
		{273134B4-C0FA-4DBD-9034-4CC200C1919A}.Release|Any CPU.ActiveCfg = Release|Any CPU
		{273134B4-C0FA-4DBD-9034-4CC200C1919A}.Release|Any CPU.Build.0 = Release|Any CPU
		{7EE33676-FE29-4771-933A-2DB00B94CD5C}.Debug|Any CPU.ActiveCfg = Debug|Any CPU
		{7EE33676-FE29-4771-933A-2DB00B94CD5C}.Debug|Any CPU.Build.0 = Debug|Any CPU
		{7EE33676-FE29-4771-933A-2DB00B94CD5C}.Release|Any CPU.ActiveCfg = Release|Any CPU
		{7EE33676-FE29-4771-933A-2DB00B94CD5C}.Release|Any CPU.Build.0 = Release|Any CPU
		{4857607C-D2EB-4C0B-AA9F-F266ADE2D3CF}.Debug|Any CPU.ActiveCfg = Debug|Any CPU
		{4857607C-D2EB-4C0B-AA9F-F266ADE2D3CF}.Debug|Any CPU.Build.0 = Debug|Any CPU
		{4857607C-D2EB-4C0B-AA9F-F266ADE2D3CF}.Release|Any CPU.ActiveCfg = Release|Any CPU
		{4857607C-D2EB-4C0B-AA9F-F266ADE2D3CF}.Release|Any CPU.Build.0 = Release|Any CPU
		{4F587EAC-01A4-4DB5-BCE9-1216F028C881}.Debug|Any CPU.ActiveCfg = Debug|Any CPU
		{4F587EAC-01A4-4DB5-BCE9-1216F028C881}.Debug|Any CPU.Build.0 = Debug|Any CPU
		{4F587EAC-01A4-4DB5-BCE9-1216F028C881}.Release|Any CPU.ActiveCfg = Release|Any CPU
		{4F587EAC-01A4-4DB5-BCE9-1216F028C881}.Release|Any CPU.Build.0 = Release|Any CPU
		{76187E9D-EDB4-4147-9E83-00BC5068EC16}.Debug|Any CPU.ActiveCfg = Debug|Any CPU
		{76187E9D-EDB4-4147-9E83-00BC5068EC16}.Debug|Any CPU.Build.0 = Debug|Any CPU
		{76187E9D-EDB4-4147-9E83-00BC5068EC16}.Release|Any CPU.ActiveCfg = Release|Any CPU
		{76187E9D-EDB4-4147-9E83-00BC5068EC16}.Release|Any CPU.Build.0 = Release|Any CPU
	EndGlobalSection
EndGlobal
